{
  "name": "qa-agent-skill",
  "version": "0.2.0",
  "lockfileVersion": 3,
  "requires": true,
  "packages": {
    "": {
      "name": "qa-agent-skill",
      "version": "0.2.0",
      "bin": {
        "qa-agent": "bin/qa-agent.mjs"
      },
      "engines": {
        "node": ">=22.6"
      }
    }
  }
}
